{
  "name": "nwws-oi",
  "version": "2.0.1",
  "lockfileVersion": 2,
  "requires": true,
  "packages": {
    "": {
      "name": "nwws-oi",
      "version": "2.0.1",
      "license": "ISC",
      "dependencies": {
        "@xmpp/client": "^0.8.0",
        "@xmpp/debug": "^0.13.0"
      },
      "devDependencies": {
        "@types/events": "^3.0.0"
      }
    },
    "node_modules/@types/events": {
      "version": "3.0.0",
      "resolved": "https://registry.npmjs.org/@types/events/-/events-3.0.0.tgz",
      "integrity": "sha512-EaObqwIvayI5a8dCzhFrjKzVwKLxjoG9T6Ppd5CEo07LRKfQ8Yokw54r5+Wq7FaBQ+yXRvQAYPrHwya1/UFt9g==",
      "dev": true
    },
    "node_modules/@xmpp/client": {
      "version": "0.8.0",
      "resolved": "https://registry.npmjs.org/@xmpp/client/-/client-0.8.0.tgz",
      "integrity": "sha512-PaQt1D18fmpLk6UGqpCvuy0eTsWASMgowS8IAsUbDZV0bTz0fV0CjVe1tHVEy45O2myIadk14UX88onSmsRvtQ==",
      "dependencies": {
        "@xmpp/client-core": "^0.8.0",
        "@xmpp/iq": "^0.8.0",
        "@xmpp/middleware": "^0.8.0",
        "@xmpp/reconnect": "^0.8.0",
        "@xmpp/resolve": "^0.8.0",
        "@xmpp/resource-binding": "^0.8.0",
        "@xmpp/sasl": "^0.8.0",
        "@xmpp/sasl-anonymous": "^0.8.0",
        "@xmpp/sasl-plain": "^0.8.0",
        "@xmpp/sasl-scram-sha-1": "^0.8.0",
        "@xmpp/session-establishment": "^0.8.0",
        "@xmpp/starttls": "^0.8.0",
        "@xmpp/stream-features": "^0.8.0",
        "@xmpp/tcp": "^0.8.0",
        "@xmpp/tls": "^0.8.0",
        "@xmpp/websocket": "^0.8.0"
      },
      "engines": {
        "node": ">= 10.0.0",
        "yarn": ">= 1.0.0"
      }
    },
    "node_modules/@xmpp/client-core": {
      "version": "0.8.0",
      "resolved": "https://registry.npmjs.org/@xmpp/client-core/-/client-core-0.8.0.tgz",
      "integrity": "sha512-RL7EDhQPLkWtX75p4UyAuyxsnBsOzYg+vq5Lkyo0CAaO6D5Zk7sqGlpYUHFsUp2akDDOjgsDZZuhdzJPtV4mCg==",
      "dependencies": {
        "@xmpp/connection": "^0.8.0",
        "@xmpp/jid": "^0.8.0",
        "@xmpp/xml": "^0.8.0"
      },
      "engines": {
        "node": ">= 10.0.0",
        "yarn": ">= 1.0.0"
      }
    },
    "node_modules/@xmpp/connection": {
      "version": "0.8.0",
      "resolved": "https://registry.npmjs.org/@xmpp/connection/-/connection-0.8.0.tgz",
      "integrity": "sha512-8KqdSP0jYnnugvZeEydO8L/Geygj/tEJAFSrBqWX0aNjgMDvoKhZsdvY0gk4o8pvXZCzQN7K8r8jvPoPpxAnPA==",
      "dependencies": {
        "@xmpp/error": "^0.8.0",
        "@xmpp/events": "^0.8.0",
        "@xmpp/jid": "^0.8.0",
        "@xmpp/xml": "^0.8.0"
      },
      "engines": {
        "node": ">= 10.0.0",
        "yarn": ">= 1.0.0"
      }
    },
    "node_modules/@xmpp/connection-tcp": {
      "version": "0.8.0",
      "resolved": "https://registry.npmjs.org/@xmpp/connection-tcp/-/connection-tcp-0.8.0.tgz",
      "integrity": "sha512-gyT05MmrynqRe98G1WKYmHLginIAXPlU0atuvHJ/kultccQazZ2sXV7Ci43Qpv/UBNLCTCYu5Fq1UXWs4jwUfA==",
      "dependencies": {
        "@xmpp/connection": "^0.8.0",
        "@xmpp/xml": "^0.8.0"
      },
      "engines": {
        "node": ">= 10.0.0",
        "yarn": ">= 1.0.0"
      }
    },
    "node_modules/@xmpp/debug": {
      "version": "0.13.0",
      "resolved": "https://registry.npmjs.org/@xmpp/debug/-/debug-0.13.0.tgz",
      "integrity": "sha512-4RCN0UsGLmfzzOdDAfzpm8luKprcdo9oRf0cnKqU/TKmbw5PN5F+TqX4we7uc4xHKzpu0rNyEhusKkVOfe3xzw==",
      "dependencies": {
        "@xmpp/xml": "^0.13.0",
        "ltx": "^3.0.0"
      },
      "engines": {
        "node": ">= 12.4.0"
      }
    },
    "node_modules/@xmpp/debug/node_modules/@xmpp/xml": {
      "version": "0.13.1",
      "resolved": "https://registry.npmjs.org/@xmpp/xml/-/xml-0.13.1.tgz",
      "integrity": "sha512-GMfYB3PKY9QzsMnl3dPohgPBGd1JQTBanKOaZexJCSYJN2cdYLU2HGhjMtDlGSno6h9U+t0oO7r0igsJwyigwg==",
      "dependencies": {
        "ltx": "^3.0.0"
      },
      "engines": {
        "node": ">= 12.4.0"
      }
    },
    "node_modules/@xmpp/debug/node_modules/ltx": {
      "version": "3.0.0",
      "resolved": "https://registry.npmjs.org/ltx/-/ltx-3.0.0.tgz",
      "integrity": "sha512-bu3/4/ApUmMqVNuIkHaRhqVtEi6didYcBDIF56xhPRCzVpdztCipZ62CUuaxMlMBUzaVL93+4LZRqe02fuAG6A==",
      "engines": {
        "node": ">= 12.4.0"
      }
    },
    "node_modules/@xmpp/error": {
      "version": "0.8.0",
      "resolved": "https://registry.npmjs.org/@xmpp/error/-/error-0.8.0.tgz",
      "integrity": "sha512-xs5eZg5gDckLFlfnIxzFdlUAAAMnWdGHNQkBGar+W93Z4BCVeFh6Z64xtJW6tv0ip+8oY4HB1mqiCerump5ZSA==",
      "engines": {
        "node": ">= 10.0.0",
        "yarn": ">= 1.0.0"
      }
    },
    "node_modules/@xmpp/events": {
      "version": "0.8.0",
      "resolved": "https://registry.npmjs.org/@xmpp/events/-/events-0.8.0.tgz",
      "integrity": "sha512-ZEdIOUVsDqfCVG2Y3crUDYLAedBW+6ND6LCkwRyaWlOtDAPQiPzJGGFx9upcoyWtIoe1byh/JOjv11RcqQhKYQ==",
      "dependencies": {
        "events": "^3.0.0"
      },
      "engines": {
        "node": ">= 10.0.0",
        "yarn": ">= 1.0.0"
      }
    },
    "node_modules/@xmpp/id": {
      "version": "0.8.0",
      "resolved": "https://registry.npmjs.org/@xmpp/id/-/id-0.8.0.tgz",
      "integrity": "sha512-kar4sAz3tFu5oSChjAhSX7TI6YoSIH9VWqIJLn93qtq/4hZc+nuIkNfYhdKS9ABesnFmqEE/ncZ1Kh2QTNEzOQ==",
      "engines": {
        "node": ">= 10.0.0",
        "yarn": ">= 1.0.0"
      }
    },
    "node_modules/@xmpp/iq": {
      "version": "0.8.0",
      "resolved": "https://registry.npmjs.org/@xmpp/iq/-/iq-0.8.0.tgz",
      "integrity": "sha512-vZzb7LvgGL4AvalBmBl0iNZuoO7pGUqir7gbueSDytNpPMwLI1dyziuzVwh9/RStEtF1BYQuC3lW/rvGB9Itog==",
      "dependencies": {
        "@xmpp/events": "^0.8.0",
        "@xmpp/id": "^0.8.0",
        "@xmpp/middleware": "^0.8.0",
        "@xmpp/xml": "^0.8.0"
      },
      "engines": {
        "node": ">= 10.0.0",
        "yarn": ">= 1.0.0"
      }
    },
    "node_modules/@xmpp/jid": {
      "version": "0.8.0",
      "resolved": "https://registry.npmjs.org/@xmpp/jid/-/jid-0.8.0.tgz",
      "integrity": "sha512-Pwwqmz3zG/MMPLuWkVlNk54Wrh4kVa651//uQWkzyPYdzlXFt/nwC14PvSP16kGypI+J7xBaQEzqbzyu8Dve5g==",
      "engines": {
        "node": ">= 10.0.0",
        "yarn": ">= 1.0.0"
      }
    },
    "node_modules/@xmpp/middleware": {
      "version": "0.8.0",
      "resolved": "https://registry.npmjs.org/@xmpp/middleware/-/middleware-0.8.0.tgz",
      "integrity": "sha512-7IlFXCcya9SDKobDtDLgAvtnPJZYoGOgzW9lEIknz9sDMKqh2mwl+64G3Vs8h7hSBOp+MFVrQV+2q23ETKEnMw==",
      "dependencies": {
        "@xmpp/error": "^0.8.0",
        "@xmpp/jid": "^0.8.0",
        "@xmpp/xml": "^0.8.0",
        "koa-compose": "^4.1.0"
      },
      "engines": {
        "node": ">= 10.0.0",
        "yarn": ">= 1.0.0"
      }
    },
    "node_modules/@xmpp/reconnect": {
      "version": "0.8.0",
      "resolved": "https://registry.npmjs.org/@xmpp/reconnect/-/reconnect-0.8.0.tgz",
      "integrity": "sha512-nDam7dUk+wYOuFIj8logdL6vBmmVJBCY7DczIhg3YXtBy8VaceMvPJl13EEG/OoNzm7ZmxzDjfp3gIul8fY+xQ==",
      "dependencies": {
        "@xmpp/events": "^0.8.0"
      },
      "engines": {
        "node": ">= 10.0.0",
        "yarn": ">= 1.0.0"
      }
    },
    "node_modules/@xmpp/resolve": {
      "version": "0.8.0",
      "resolved": "https://registry.npmjs.org/@xmpp/resolve/-/resolve-0.8.0.tgz",
      "integrity": "sha512-L2jX6gOtAh8hGF19f6VI3HaRHrQ4Vy4+8YUWO8sIUpx7YdIg4L9dt2ZSj6CuFHwok1h/Kbtil0v8bHnCEuZDCQ==",
      "deprecated": "Potential security vulnerability fixed in 0.13.1 - see https://github.com/xmppjs/xmpp.js/pull/936",
      "dependencies": {
        "@xmpp/connection": "^0.8.0",
        "@xmpp/xml": "^0.8.0",
        "node-fetch": "^2.3.0"
      },
      "engines": {
        "node": ">= 10.0.0",
        "yarn": ">= 1.0.0"
      }
    },
    "node_modules/@xmpp/resource-binding": {
      "version": "0.8.0",
      "resolved": "https://registry.npmjs.org/@xmpp/resource-binding/-/resource-binding-0.8.0.tgz",
      "integrity": "sha512-4sbmBIuIAC5mOJoHjiOpsuEyro23LB4I5u6F8n9OE1sRW0l1LdiwtaSq3Qzuc0YIWF1CWF9CjCboxWdyjD5EVA==",
      "dependencies": {
        "@xmpp/xml": "^0.8.0"
      },
      "engines": {
        "node": ">= 10.0.0",
        "yarn": ">= 1.0.0"
      }
    },
    "node_modules/@xmpp/sasl": {
      "version": "0.8.0",
      "resolved": "https://registry.npmjs.org/@xmpp/sasl/-/sasl-0.8.0.tgz",
      "integrity": "sha512-fVlzuTJnC+0rBnJ7HnlqYayl0ZvfR+q2yxh6VfqUPZw0eV4zwKy15eoU8txiLbWT/ilm4bo2zid7CCOYGPd5zw==",
      "dependencies": {
        "@xmpp/error": "^0.8.0",
        "@xmpp/xml": "^0.8.0",
        "js-base64": "^2.5.1",
        "saslmechanisms": "^0.1.1"
      },
      "engines": {
        "node": ">= 10.0.0",
        "yarn": ">= 1.0.0"
      }
    },
    "node_modules/@xmpp/sasl-anonymous": {
      "version": "0.8.0",
      "resolved": "https://registry.npmjs.org/@xmpp/sasl-anonymous/-/sasl-anonymous-0.8.0.tgz",
      "integrity": "sha512-2V+pmreLdFvY0dX8XTliSqC/CyToYyDstKUAD637juf0Mjqy7UmGgCLQQ2hH/t5J1wWxfeHgxk16zdjj7WyUkg==",
      "dependencies": {
        "sasl-anonymous": "^0.1.0"
      },
      "engines": {
        "node": ">= 10.0.0",
        "yarn": ">= 1.0.0"
      }
    },
    "node_modules/@xmpp/sasl-plain": {
      "version": "0.8.0",
      "resolved": "https://registry.npmjs.org/@xmpp/sasl-plain/-/sasl-plain-0.8.0.tgz",
      "integrity": "sha512-IJFCf6YcVCp+ZWVIFzpM0wJGnbjTwbjY+CO+5KSBsIrh94uNT1cNlqs+9aiT3jqf8UbWy1D08+6mi7IWxytR4g==",
      "dependencies": {
        "sasl-plain": "^0.1.0"
      },
      "engines": {
        "node": ">= 10.0.0",
        "yarn": ">= 1.0.0"
      }
    },
    "node_modules/@xmpp/sasl-scram-sha-1": {
      "version": "0.8.0",
      "resolved": "https://registry.npmjs.org/@xmpp/sasl-scram-sha-1/-/sasl-scram-sha-1-0.8.0.tgz",
      "integrity": "sha512-PrpMEdnIPAjSmEOukB2oOksoWrbV/zfwPNIDKvTW8a73rcRxGVvx0032q1IXQYjxrogSL8DyVmuKvpFwUpvEnw==",
      "dependencies": {
        "sasl-scram-sha-1": "^1.2.0"
      },
      "engines": {
        "node": ">= 10.0.0",
        "yarn": ">= 1.0.0"
      }
    },
    "node_modules/@xmpp/session-establishment": {
      "version": "0.8.0",
      "resolved": "https://registry.npmjs.org/@xmpp/session-establishment/-/session-establishment-0.8.0.tgz",
      "integrity": "sha512-lvkcszV22/xZp4ZDTGiHf67xXJJ0TQMKpgUO2Amzyufc3qXJ4gP5nfGTNslI+LS3DjrgisRWiK8OTvjLGdIL5A==",
      "dependencies": {
        "@xmpp/xml": "^0.8.0"
      },
      "engines": {
        "node": ">= 10.0.0",
        "yarn": ">= 1.0.0"
      }
    },
    "node_modules/@xmpp/starttls": {
      "version": "0.8.0",
      "resolved": "https://registry.npmjs.org/@xmpp/starttls/-/starttls-0.8.0.tgz",
      "integrity": "sha512-mj4Es4wugcDtfTaGjOZey3eI1JI5WMedjP7ahVewfKUOaxbpeojzCjqazXf9/La3rVTamn5qa1MJ2kEo4FxWMw==",
      "dependencies": {
        "@xmpp/xml": "^0.8.0"
      },
      "engines": {
        "node": ">= 10.0.0",
        "yarn": ">= 1.0.0"
      }
    },
    "node_modules/@xmpp/stream-features": {
      "version": "0.8.0",
      "resolved": "https://registry.npmjs.org/@xmpp/stream-features/-/stream-features-0.8.0.tgz",
      "integrity": "sha512-3lzWxlPejgFMSjFzSKhAIsY/ub1j5tLPFMvLFTGiXlrArRg/rx4kYITuyOxaQDA9Dty5xP4sBqA4vf4jezKt9w==",
      "engines": {
        "node": ">= 10.0.0",
        "yarn": ">= 1.0.0"
      }
    },
    "node_modules/@xmpp/tcp": {
      "version": "0.8.0",
      "resolved": "https://registry.npmjs.org/@xmpp/tcp/-/tcp-0.8.0.tgz",
      "integrity": "sha512-ZGkAHrFUEbq66dtSSYl9L2xppn/1qFrUM4fGpLwWaHQwnNxwIZwJGlDTMowszkZ3/J6ZK1YNViLq1htWWv80Ig==",
      "dependencies": {
        "@xmpp/connection-tcp": "^0.8.0"
      },
      "engines": {
        "node": ">= 10.0.0",
        "yarn": ">= 1.0.0"
      }
    },
    "node_modules/@xmpp/tls": {
      "version": "0.8.0",
      "resolved": "https://registry.npmjs.org/@xmpp/tls/-/tls-0.8.0.tgz",
      "integrity": "sha512-Vn3YJCclOBWeNjZZPb0Bl0SjbamK8N0UiLic1kdHh8MS7zC+kbbglFKa/ZppF4tqpP5VoycRrEeYHieyz+UMLA==",
      "deprecated": "Critical security bug fixed in v0.12.1",
      "dependencies": {
        "@xmpp/connection": "^0.8.0",
        "@xmpp/connection-tcp": "^0.8.0"
      },
      "engines": {
        "node": ">= 10.0.0",
        "yarn": ">= 1.0.0"
      }
    },
    "node_modules/@xmpp/websocket": {
      "version": "0.8.0",
      "resolved": "https://registry.npmjs.org/@xmpp/websocket/-/websocket-0.8.0.tgz",
      "integrity": "sha512-SQMS0IdxNsv/6ywP9G9EZa9lLraJd2KaNnPgjK4yZ/BMavfr38+gvOaX3KIhQC5uV87bV91E9p+T97p5BW0Glw==",
      "dependencies": {
        "@xmpp/connection": "^0.8.0",
        "@xmpp/xml": "^0.8.0",
        "ws": "^7.0.0"
      },
      "engines": {
        "node": ">= 10.0.0",
        "yarn": ">= 1.0.0"
      }
    },
    "node_modules/@xmpp/xml": {
      "version": "0.8.0",
      "resolved": "https://registry.npmjs.org/@xmpp/xml/-/xml-0.8.0.tgz",
      "integrity": "sha512-W0bW5TCMPi2dtndZhzeTzExtz1skXt/fPQFZ9aXg4Y/pniUVo//vfUY4092C8smT7AqiI8jYVEIYh4xqmd2LDQ==",
      "dependencies": {
        "ltx": "^2.8.1"
      },
      "engines": {
        "node": ">= 10.0.0",
        "yarn": ">= 1.0.0"
      }
    },
    "node_modules/bitwise-xor": {
      "version": "0.0.0",
      "resolved": "https://registry.npmjs.org/bitwise-xor/-/bitwise-xor-0.0.0.tgz",
      "integrity": "sha1-BAqBcrW7jMVisLcRnyMLKhp4Dj0="
    },
    "node_modules/cipher-base": {
      "version": "1.0.4",
      "resolved": "https://registry.npmjs.org/cipher-base/-/cipher-base-1.0.4.tgz",
      "integrity": "sha512-Kkht5ye6ZGmwv40uUDZztayT2ThLQGfnj/T71N/XzeZeo3nf8foyW7zGTsPYkEya3m5f3cAypH+qe7YOrM1U2Q==",
      "dependencies": {
        "inherits": "^2.0.1",
        "safe-buffer": "^5.0.1"
      }
    },
    "node_modules/create-hash": {
      "version": "1.2.0",
      "resolved": "https://registry.npmjs.org/create-hash/-/create-hash-1.2.0.tgz",
      "integrity": "sha512-z00bCGNHDG8mHAkP7CtT1qVu+bFQUPjYq/4Iv3C3kWjTFV10zIjfSoeqXo9Asws8gwSHDGj/hl2u4OGIjapeCg==",
      "dependencies": {
        "cipher-base": "^1.0.1",
        "inherits": "^2.0.1",
        "md5.js": "^1.3.4",
        "ripemd160": "^2.0.1",
        "sha.js": "^2.4.0"
      }
    },
    "node_modules/create-hmac": {
      "version": "1.1.7",
      "resolved": "https://registry.npmjs.org/create-hmac/-/create-hmac-1.1.7.tgz",
      "integrity": "sha512-MJG9liiZ+ogc4TzUwuvbER1JRdgvUFSB5+VR/g5h82fGaIRWMWddtKBHi7/sVhfjQZ6SehlyhvQYrcYkaUIpLg==",
      "dependencies": {
        "cipher-base": "^1.0.3",
        "create-hash": "^1.1.0",
        "inherits": "^2.0.1",
        "ripemd160": "^2.0.0",
        "safe-buffer": "^5.0.1",
        "sha.js": "^2.4.8"
      }
    },
    "node_modules/events": {
      "version": "3.1.0",
      "resolved": "https://registry.npmjs.org/events/-/events-3.1.0.tgz",
      "integrity": "sha512-Rv+u8MLHNOdMjTAFeT3nCjHn2aGlx435FP/sDHNaRhDEMwyI/aB22Kj2qIN8R0cw3z28psEQLYwxVKLsKrMgWg==",
      "engines": {
        "node": ">=0.8.x"
      }
    },
    "node_modules/hash-base": {
      "version": "3.0.4",
      "resolved": "https://registry.npmjs.org/hash-base/-/hash-base-3.0.4.tgz",
      "integrity": "sha1-X8hoaEfs1zSZQDMZprCj8/auSRg=",
      "dependencies": {
        "inherits": "^2.0.1",
        "safe-buffer": "^5.0.1"
      },
      "engines": {
        "node": ">=4"
      }
    },
    "node_modules/inherits": {
      "version": "2.0.4",
      "resolved": "https://registry.npmjs.org/inherits/-/inherits-2.0.4.tgz",
      "integrity": "sha512-k/vGaX4/Yla3WzyMCvTQOXYeIHvqOKtnqBduzTHpzpQZzAskKMhZ2K+EnBiSM9zGSoIFeMpXKxa4dYeZIQqewQ=="
    },
    "node_modules/js-base64": {
      "version": "2.5.1",
      "resolved": "https://registry.npmjs.org/js-base64/-/js-base64-2.5.1.tgz",
      "integrity": "sha512-M7kLczedRMYX4L8Mdh4MzyAMM9O5osx+4FcOQuTvr3A9F2D9S5JXheN0ewNbrvK2UatkTRhL5ejGmGSjNMiZuw=="
    },
    "node_modules/koa-compose": {
      "version": "4.1.0",
      "resolved": "https://registry.npmjs.org/koa-compose/-/koa-compose-4.1.0.tgz",
      "integrity": "sha512-8ODW8TrDuMYvXRwra/Kh7/rJo9BtOfPc6qO8eAfC80CnCvSjSl0bkRM24X6/XBBEyj0v1nRUQ1LyOy3dbqOWXw=="
    },
    "node_modules/ltx": {
      "version": "2.9.2",
      "resolved": "https://registry.npmjs.org/ltx/-/ltx-2.9.2.tgz",
      "integrity": "sha512-llB7HflFhlfsYYT1SAe80elCBO5C20ryLdwPB/A/BZk38hhVeZztDlWQ9uTyvKNPX4aK6sA+JfS1f/mfzp5cxA==",
      "dependencies": {
        "inherits": "^2.0.4"
      }
    },
    "node_modules/md5.js": {
      "version": "1.3.5",
      "resolved": "https://registry.npmjs.org/md5.js/-/md5.js-1.3.5.tgz",
      "integrity": "sha512-xitP+WxNPcTTOgnTJcrhM0xvdPepipPSf3I8EIpGKeFLjt3PlJLIDG3u8EX53ZIubkb+5U2+3rELYpEhHhzdkg==",
      "dependencies": {
        "hash-base": "^3.0.0",
        "inherits": "^2.0.1",
        "safe-buffer": "^5.1.2"
      }
    },
    "node_modules/node-fetch": {
      "version": "2.6.0",
      "resolved": "https://registry.npmjs.org/node-fetch/-/node-fetch-2.6.0.tgz",
      "integrity": "sha512-8dG4H5ujfvFiqDmVu9fQ5bOHUC15JMjMY/Zumv26oOvvVJjM67KF8koCWIabKQ1GJIa9r2mMZscBq/TbdOcmNA==",
      "engines": {
        "node": "4.x || >=6.0.0"
      }
    },
    "node_modules/randombytes": {
      "version": "2.1.0",
      "resolved": "https://registry.npmjs.org/randombytes/-/randombytes-2.1.0.tgz",
      "integrity": "sha512-vYl3iOX+4CKUWuxGi9Ukhie6fsqXqS9FE2Zaic4tNFD2N2QQaXOMFbuKK4QmDHC0JO6B1Zp41J0LpT0oR68amQ==",
      "dependencies": {
        "safe-buffer": "^5.1.0"
      }
    },
    "node_modules/ripemd160": {
      "version": "2.0.2",
      "resolved": "https://registry.npmjs.org/ripemd160/-/ripemd160-2.0.2.tgz",
      "integrity": "sha512-ii4iagi25WusVoiC4B4lq7pbXfAp3D9v5CwfkY33vffw2+pkDjY1D8GaN7spsxvCSx8dkPqOZCEZyfxcmJG2IA==",
      "dependencies": {
        "hash-base": "^3.0.0",
        "inherits": "^2.0.1"
      }
    },
    "node_modules/safe-buffer": {
      "version": "5.2.0",
      "resolved": "https://registry.npmjs.org/safe-buffer/-/safe-buffer-5.2.0.tgz",
      "integrity": "sha512-fZEwUGbVl7kouZs1jCdMLdt95hdIv0ZeHg6L7qPeciMZhZ+/gdesW4wgTARkrFWEpspjEATAzUGPG8N2jJiwbg=="
    },
    "node_modules/sasl-anonymous": {
      "version": "0.1.0",
      "resolved": "https://registry.npmjs.org/sasl-anonymous/-/sasl-anonymous-0.1.0.tgz",
      "integrity": "sha1-9UTH6CTfKkDZrUczgpVyzI2e1aU=",
      "engines": {
        "node": ">= 0.4.0"
      }
    },
    "node_modules/sasl-plain": {
      "version": "0.1.0",
      "resolved": "https://registry.npmjs.org/sasl-plain/-/sasl-plain-0.1.0.tgz",
      "integrity": "sha1-zxRefAIiK2TWDAgG2c0q5TgEJsw=",
      "engines": {
        "node": ">= 0.4.0"
      }
    },
    "node_modules/sasl-scram-sha-1": {
      "version": "1.2.1",
      "resolved": "https://registry.npmjs.org/sasl-scram-sha-1/-/sasl-scram-sha-1-1.2.1.tgz",
      "integrity": "sha1-2I1R/qoP8yDY6x1vx1ZXZT+dzUs=",
      "dependencies": {
        "bitwise-xor": "0.0.0",
        "create-hash": "^1.1.0",
        "create-hmac": "^1.1.3",
        "randombytes": "^2.0.1"
      }
    },
    "node_modules/saslmechanisms": {
      "version": "0.1.1",
      "resolved": "https://registry.npmjs.org/saslmechanisms/-/saslmechanisms-0.1.1.tgz",
      "integrity": "sha1-R4vhQpUA/PqngL6IszQ87X0qkYI=",
      "engines": {
        "node": ">= 0.4.0"
      }
    },
    "node_modules/sha.js": {
      "version": "2.4.11",
      "resolved": "https://registry.npmjs.org/sha.js/-/sha.js-2.4.11.tgz",
      "integrity": "sha512-QMEp5B7cftE7APOjk5Y6xgrbWu+WkLVQwk8JNjZ8nKRciZaByEW6MubieAiToS7+dwvrjGhH8jRXz3MVd0AYqQ==",
      "dependencies": {
        "inherits": "^2.0.1",
        "safe-buffer": "^5.0.1"
      },
      "bin": {
        "sha.js": "bin.js"
      }
    },
    "node_modules/ws": {
      "version": "7.5.9",
      "resolved": "https://registry.npmjs.org/ws/-/ws-7.5.9.tgz",
      "integrity": "sha512-F+P9Jil7UiSKSkppIiD94dN07AwvFixvLIj1Og1Rl9GGMuNipJnV9JzjD6XuqmAeiswGvUmNLjr5cFuXwNS77Q==",
      "engines": {
        "node": ">=8.3.0"
      },
      "peerDependencies": {
        "bufferutil": "^4.0.1",
        "utf-8-validate": "^5.0.2"
      },
      "peerDependenciesMeta": {
        "bufferutil": {
          "optional": true
        },
        "utf-8-validate": {
          "optional": true
        }
      }
    }
  },
  "dependencies": {
    "@types/events": {
      "version": "3.0.0",
      "resolved": "https://registry.npmjs.org/@types/events/-/events-3.0.0.tgz",
      "integrity": "sha512-EaObqwIvayI5a8dCzhFrjKzVwKLxjoG9T6Ppd5CEo07LRKfQ8Yokw54r5+Wq7FaBQ+yXRvQAYPrHwya1/UFt9g==",
      "dev": true
    },
    "@xmpp/client": {
      "version": "0.8.0",
      "resolved": "https://registry.npmjs.org/@xmpp/client/-/client-0.8.0.tgz",
      "integrity": "sha512-PaQt1D18fmpLk6UGqpCvuy0eTsWASMgowS8IAsUbDZV0bTz0fV0CjVe1tHVEy45O2myIadk14UX88onSmsRvtQ==",
      "requires": {
        "@xmpp/client-core": "^0.8.0",
        "@xmpp/iq": "^0.8.0",
        "@xmpp/middleware": "^0.8.0",
        "@xmpp/reconnect": "^0.8.0",
        "@xmpp/resolve": "^0.8.0",
        "@xmpp/resource-binding": "^0.8.0",
        "@xmpp/sasl": "^0.8.0",
        "@xmpp/sasl-anonymous": "^0.8.0",
        "@xmpp/sasl-plain": "^0.8.0",
        "@xmpp/sasl-scram-sha-1": "^0.8.0",
        "@xmpp/session-establishment": "^0.8.0",
        "@xmpp/starttls": "^0.8.0",
        "@xmpp/stream-features": "^0.8.0",
        "@xmpp/tcp": "^0.8.0",
        "@xmpp/tls": "^0.8.0",
        "@xmpp/websocket": "^0.8.0"
      }
    },
    "@xmpp/client-core": {
      "version": "0.8.0",
      "resolved": "https://registry.npmjs.org/@xmpp/client-core/-/client-core-0.8.0.tgz",
      "integrity": "sha512-RL7EDhQPLkWtX75p4UyAuyxsnBsOzYg+vq5Lkyo0CAaO6D5Zk7sqGlpYUHFsUp2akDDOjgsDZZuhdzJPtV4mCg==",
      "requires": {
        "@xmpp/connection": "^0.8.0",
        "@xmpp/jid": "^0.8.0",
        "@xmpp/xml": "^0.8.0"
      }
    },
    "@xmpp/connection": {
      "version": "0.8.0",
      "resolved": "https://registry.npmjs.org/@xmpp/connection/-/connection-0.8.0.tgz",
      "integrity": "sha512-8KqdSP0jYnnugvZeEydO8L/Geygj/tEJAFSrBqWX0aNjgMDvoKhZsdvY0gk4o8pvXZCzQN7K8r8jvPoPpxAnPA==",
      "requires": {
        "@xmpp/error": "^0.8.0",
        "@xmpp/events": "^0.8.0",
        "@xmpp/jid": "^0.8.0",
        "@xmpp/xml": "^0.8.0"
      }
    },
    "@xmpp/connection-tcp": {
      "version": "0.8.0",
      "resolved": "https://registry.npmjs.org/@xmpp/connection-tcp/-/connection-tcp-0.8.0.tgz",
      "integrity": "sha512-gyT05MmrynqRe98G1WKYmHLginIAXPlU0atuvHJ/kultccQazZ2sXV7Ci43Qpv/UBNLCTCYu5Fq1UXWs4jwUfA==",
      "requires": {
        "@xmpp/connection": "^0.8.0",
        "@xmpp/xml": "^0.8.0"
      }
    },
    "@xmpp/debug": {
      "version": "0.13.0",
      "resolved": "https://registry.npmjs.org/@xmpp/debug/-/debug-0.13.0.tgz",
      "integrity": "sha512-4RCN0UsGLmfzzOdDAfzpm8luKprcdo9oRf0cnKqU/TKmbw5PN5F+TqX4we7uc4xHKzpu0rNyEhusKkVOfe3xzw==",
      "requires": {
        "@xmpp/xml": "^0.13.0",
        "ltx": "^3.0.0"
      },
      "dependencies": {
        "@xmpp/xml": {
          "version": "0.13.1",
          "resolved": "https://registry.npmjs.org/@xmpp/xml/-/xml-0.13.1.tgz",
          "integrity": "sha512-GMfYB3PKY9QzsMnl3dPohgPBGd1JQTBanKOaZexJCSYJN2cdYLU2HGhjMtDlGSno6h9U+t0oO7r0igsJwyigwg==",
          "requires": {
            "ltx": "^3.0.0"
          }
        },
        "ltx": {
          "version": "3.0.0",
          "resolved": "https://registry.npmjs.org/ltx/-/ltx-3.0.0.tgz",
          "integrity": "sha512-bu3/4/ApUmMqVNuIkHaRhqVtEi6didYcBDIF56xhPRCzVpdztCipZ62CUuaxMlMBUzaVL93+4LZRqe02fuAG6A=="
        }
      }
    },
    "@xmpp/error": {
      "version": "0.8.0",
      "resolved": "https://registry.npmjs.org/@xmpp/error/-/error-0.8.0.tgz",
      "integrity": "sha512-xs5eZg5gDckLFlfnIxzFdlUAAAMnWdGHNQkBGar+W93Z4BCVeFh6Z64xtJW6tv0ip+8oY4HB1mqiCerump5ZSA=="
    },
    "@xmpp/events": {
      "version": "0.8.0",
      "resolved": "https://registry.npmjs.org/@xmpp/events/-/events-0.8.0.tgz",
      "integrity": "sha512-ZEdIOUVsDqfCVG2Y3crUDYLAedBW+6ND6LCkwRyaWlOtDAPQiPzJGGFx9upcoyWtIoe1byh/JOjv11RcqQhKYQ==",
      "requires": {
        "events": "^3.0.0"
      }
    },
    "@xmpp/id": {
      "version": "0.8.0",
      "resolved": "https://registry.npmjs.org/@xmpp/id/-/id-0.8.0.tgz",
      "integrity": "sha512-kar4sAz3tFu5oSChjAhSX7TI6YoSIH9VWqIJLn93qtq/4hZc+nuIkNfYhdKS9ABesnFmqEE/ncZ1Kh2QTNEzOQ=="
    },
    "@xmpp/iq": {
      "version": "0.8.0",
      "resolved": "https://registry.npmjs.org/@xmpp/iq/-/iq-0.8.0.tgz",
      "integrity": "sha512-vZzb7LvgGL4AvalBmBl0iNZuoO7pGUqir7gbueSDytNpPMwLI1dyziuzVwh9/RStEtF1BYQuC3lW/rvGB9Itog==",
      "requires": {
        "@xmpp/events": "^0.8.0",
        "@xmpp/id": "^0.8.0",
        "@xmpp/middleware": "^0.8.0",
        "@xmpp/xml": "^0.8.0"
      }
    },
    "@xmpp/jid": {
      "version": "0.8.0",
      "resolved": "https://registry.npmjs.org/@xmpp/jid/-/jid-0.8.0.tgz",
      "integrity": "sha512-Pwwqmz3zG/MMPLuWkVlNk54Wrh4kVa651//uQWkzyPYdzlXFt/nwC14PvSP16kGypI+J7xBaQEzqbzyu8Dve5g=="
    },
    "@xmpp/middleware": {
      "version": "0.8.0",
      "resolved": "https://registry.npmjs.org/@xmpp/middleware/-/middleware-0.8.0.tgz",
      "integrity": "sha512-7IlFXCcya9SDKobDtDLgAvtnPJZYoGOgzW9lEIknz9sDMKqh2mwl+64G3Vs8h7hSBOp+MFVrQV+2q23ETKEnMw==",
      "requires": {
        "@xmpp/error": "^0.8.0",
        "@xmpp/jid": "^0.8.0",
        "@xmpp/xml": "^0.8.0",
        "koa-compose": "^4.1.0"
      }
    },
    "@xmpp/reconnect": {
      "version": "0.8.0",
      "resolved": "https://registry.npmjs.org/@xmpp/reconnect/-/reconnect-0.8.0.tgz",
      "integrity": "sha512-nDam7dUk+wYOuFIj8logdL6vBmmVJBCY7DczIhg3YXtBy8VaceMvPJl13EEG/OoNzm7ZmxzDjfp3gIul8fY+xQ==",
      "requires": {
        "@xmpp/events": "^0.8.0"
      }
    },
    "@xmpp/resolve": {
      "version": "0.8.0",
      "resolved": "https://registry.npmjs.org/@xmpp/resolve/-/resolve-0.8.0.tgz",
      "integrity": "sha512-L2jX6gOtAh8hGF19f6VI3HaRHrQ4Vy4+8YUWO8sIUpx7YdIg4L9dt2ZSj6CuFHwok1h/Kbtil0v8bHnCEuZDCQ==",
      "requires": {
        "@xmpp/connection": "^0.8.0",
        "@xmpp/xml": "^0.8.0",
        "node-fetch": "^2.3.0"
      }
    },
    "@xmpp/resource-binding": {
      "version": "0.8.0",
      "resolved": "https://registry.npmjs.org/@xmpp/resource-binding/-/resource-binding-0.8.0.tgz",
      "integrity": "sha512-4sbmBIuIAC5mOJoHjiOpsuEyro23LB4I5u6F8n9OE1sRW0l1LdiwtaSq3Qzuc0YIWF1CWF9CjCboxWdyjD5EVA==",
      "requires": {
        "@xmpp/xml": "^0.8.0"
      }
    },
    "@xmpp/sasl": {
      "version": "0.8.0",
      "resolved": "https://registry.npmjs.org/@xmpp/sasl/-/sasl-0.8.0.tgz",
      "integrity": "sha512-fVlzuTJnC+0rBnJ7HnlqYayl0ZvfR+q2yxh6VfqUPZw0eV4zwKy15eoU8txiLbWT/ilm4bo2zid7CCOYGPd5zw==",
      "requires": {
        "@xmpp/error": "^0.8.0",
        "@xmpp/xml": "^0.8.0",
        "js-base64": "^2.5.1",
        "saslmechanisms": "^0.1.1"
      }
    },
    "@xmpp/sasl-anonymous": {
      "version": "0.8.0",
      "resolved": "https://registry.npmjs.org/@xmpp/sasl-anonymous/-/sasl-anonymous-0.8.0.tgz",
      "integrity": "sha512-2V+pmreLdFvY0dX8XTliSqC/CyToYyDstKUAD637juf0Mjqy7UmGgCLQQ2hH/t5J1wWxfeHgxk16zdjj7WyUkg==",
      "requires": {
        "sasl-anonymous": "^0.1.0"
      }
    },
    "@xmpp/sasl-plain": {
      "version": "0.8.0",
      "resolved": "https://registry.npmjs.org/@xmpp/sasl-plain/-/sasl-plain-0.8.0.tgz",
      "integrity": "sha512-IJFCf6YcVCp+ZWVIFzpM0wJGnbjTwbjY+CO+5KSBsIrh94uNT1cNlqs+9aiT3jqf8UbWy1D08+6mi7IWxytR4g==",
      "requires": {
        "sasl-plain": "^0.1.0"
      }
    },
    "@xmpp/sasl-scram-sha-1": {
      "version": "0.8.0",
      "resolved": "https://registry.npmjs.org/@xmpp/sasl-scram-sha-1/-/sasl-scram-sha-1-0.8.0.tgz",
      "integrity": "sha512-PrpMEdnIPAjSmEOukB2oOksoWrbV/zfwPNIDKvTW8a73rcRxGVvx0032q1IXQYjxrogSL8DyVmuKvpFwUpvEnw==",
      "requires": {
        "sasl-scram-sha-1": "^1.2.0"
      }
    },
    "@xmpp/session-establishment": {
      "version": "0.8.0",
      "resolved": "https://registry.npmjs.org/@xmpp/session-establishment/-/session-establishment-0.8.0.tgz",
      "integrity": "sha512-lvkcszV22/xZp4ZDTGiHf67xXJJ0TQMKpgUO2Amzyufc3qXJ4gP5nfGTNslI+LS3DjrgisRWiK8OTvjLGdIL5A==",
      "requires": {
        "@xmpp/xml": "^0.8.0"
      }
    },
    "@xmpp/starttls": {
      "version": "0.8.0",
      "resolved": "https://registry.npmjs.org/@xmpp/starttls/-/starttls-0.8.0.tgz",
      "integrity": "sha512-mj4Es4wugcDtfTaGjOZey3eI1JI5WMedjP7ahVewfKUOaxbpeojzCjqazXf9/La3rVTamn5qa1MJ2kEo4FxWMw==",
      "requires": {
        "@xmpp/xml": "^0.8.0"
      }
    },
    "@xmpp/stream-features": {
      "version": "0.8.0",
      "resolved": "https://registry.npmjs.org/@xmpp/stream-features/-/stream-features-0.8.0.tgz",
      "integrity": "sha512-3lzWxlPejgFMSjFzSKhAIsY/ub1j5tLPFMvLFTGiXlrArRg/rx4kYITuyOxaQDA9Dty5xP4sBqA4vf4jezKt9w=="
    },
    "@xmpp/tcp": {
      "version": "0.8.0",
      "resolved": "https://registry.npmjs.org/@xmpp/tcp/-/tcp-0.8.0.tgz",
      "integrity": "sha512-ZGkAHrFUEbq66dtSSYl9L2xppn/1qFrUM4fGpLwWaHQwnNxwIZwJGlDTMowszkZ3/J6ZK1YNViLq1htWWv80Ig==",
      "requires": {
        "@xmpp/connection-tcp": "^0.8.0"
      }
    },
    "@xmpp/tls": {
      "version": "0.8.0",
      "resolved": "https://registry.npmjs.org/@xmpp/tls/-/tls-0.8.0.tgz",
      "integrity": "sha512-Vn3YJCclOBWeNjZZPb0Bl0SjbamK8N0UiLic1kdHh8MS7zC+kbbglFKa/ZppF4tqpP5VoycRrEeYHieyz+UMLA==",
      "requires": {
        "@xmpp/connection": "^0.8.0",
        "@xmpp/connection-tcp": "^0.8.0"
      }
    },
    "@xmpp/websocket": {
      "version": "0.8.0",
      "resolved": "https://registry.npmjs.org/@xmpp/websocket/-/websocket-0.8.0.tgz",
      "integrity": "sha512-SQMS0IdxNsv/6ywP9G9EZa9lLraJd2KaNnPgjK4yZ/BMavfr38+gvOaX3KIhQC5uV87bV91E9p+T97p5BW0Glw==",
      "requires": {
        "@xmpp/connection": "^0.8.0",
        "@xmpp/xml": "^0.8.0",
        "ws": "^7.0.0"
      }
    },
    "@xmpp/xml": {
      "version": "0.8.0",
      "resolved": "https://registry.npmjs.org/@xmpp/xml/-/xml-0.8.0.tgz",
      "integrity": "sha512-W0bW5TCMPi2dtndZhzeTzExtz1skXt/fPQFZ9aXg4Y/pniUVo//vfUY4092C8smT7AqiI8jYVEIYh4xqmd2LDQ==",
      "requires": {
        "ltx": "^2.8.1"
      }
    },
    "bitwise-xor": {
      "version": "0.0.0",
      "resolved": "https://registry.npmjs.org/bitwise-xor/-/bitwise-xor-0.0.0.tgz",
      "integrity": "sha1-BAqBcrW7jMVisLcRnyMLKhp4Dj0="
    },
    "cipher-base": {
      "version": "1.0.4",
      "resolved": "https://registry.npmjs.org/cipher-base/-/cipher-base-1.0.4.tgz",
      "integrity": "sha512-Kkht5ye6ZGmwv40uUDZztayT2ThLQGfnj/T71N/XzeZeo3nf8foyW7zGTsPYkEya3m5f3cAypH+qe7YOrM1U2Q==",
      "requires": {
        "inherits": "^2.0.1",
        "safe-buffer": "^5.0.1"
      }
    },
    "create-hash": {
      "version": "1.2.0",
      "resolved": "https://registry.npmjs.org/create-hash/-/create-hash-1.2.0.tgz",
      "integrity": "sha512-z00bCGNHDG8mHAkP7CtT1qVu+bFQUPjYq/4Iv3C3kWjTFV10zIjfSoeqXo9Asws8gwSHDGj/hl2u4OGIjapeCg==",
      "requires": {
        "cipher-base": "^1.0.1",
        "inherits": "^2.0.1",
        "md5.js": "^1.3.4",
        "ripemd160": "^2.0.1",
        "sha.js": "^2.4.0"
      }
    },
    "create-hmac": {
      "version": "1.1.7",
      "resolved": "https://registry.npmjs.org/create-hmac/-/create-hmac-1.1.7.tgz",
      "integrity": "sha512-MJG9liiZ+ogc4TzUwuvbER1JRdgvUFSB5+VR/g5h82fGaIRWMWddtKBHi7/sVhfjQZ6SehlyhvQYrcYkaUIpLg==",
      "requires": {
        "cipher-base": "^1.0.3",
        "create-hash": "^1.1.0",
        "inherits": "^2.0.1",
        "ripemd160": "^2.0.0",
        "safe-buffer": "^5.0.1",
        "sha.js": "^2.4.8"
      }
    },
    "events": {
      "version": "3.1.0",
      "resolved": "https://registry.npmjs.org/events/-/events-3.1.0.tgz",
      "integrity": "sha512-Rv+u8MLHNOdMjTAFeT3nCjHn2aGlx435FP/sDHNaRhDEMwyI/aB22Kj2qIN8R0cw3z28psEQLYwxVKLsKrMgWg=="
    },
    "hash-base": {
      "version": "3.0.4",
      "resolved": "https://registry.npmjs.org/hash-base/-/hash-base-3.0.4.tgz",
      "integrity": "sha1-X8hoaEfs1zSZQDMZprCj8/auSRg=",
      "requires": {
        "inherits": "^2.0.1",
        "safe-buffer": "^5.0.1"
      }
    },
    "inherits": {
      "version": "2.0.4",
      "resolved": "https://registry.npmjs.org/inherits/-/inherits-2.0.4.tgz",
      "integrity": "sha512-k/vGaX4/Yla3WzyMCvTQOXYeIHvqOKtnqBduzTHpzpQZzAskKMhZ2K+EnBiSM9zGSoIFeMpXKxa4dYeZIQqewQ=="
    },
    "js-base64": {
      "version": "2.5.1",
      "resolved": "https://registry.npmjs.org/js-base64/-/js-base64-2.5.1.tgz",
      "integrity": "sha512-M7kLczedRMYX4L8Mdh4MzyAMM9O5osx+4FcOQuTvr3A9F2D9S5JXheN0ewNbrvK2UatkTRhL5ejGmGSjNMiZuw=="
    },
    "koa-compose": {
      "version": "4.1.0",
      "resolved": "https://registry.npmjs.org/koa-compose/-/koa-compose-4.1.0.tgz",
      "integrity": "sha512-8ODW8TrDuMYvXRwra/Kh7/rJo9BtOfPc6qO8eAfC80CnCvSjSl0bkRM24X6/XBBEyj0v1nRUQ1LyOy3dbqOWXw=="
    },
    "ltx": {
      "version": "2.9.2",
      "resolved": "https://registry.npmjs.org/ltx/-/ltx-2.9.2.tgz",
      "integrity": "sha512-llB7HflFhlfsYYT1SAe80elCBO5C20ryLdwPB/A/BZk38hhVeZztDlWQ9uTyvKNPX4aK6sA+JfS1f/mfzp5cxA==",
      "requires": {
        "inherits": "^2.0.4"
      }
    },
    "md5.js": {
      "version": "1.3.5",
      "resolved": "https://registry.npmjs.org/md5.js/-/md5.js-1.3.5.tgz",
      "integrity": "sha512-xitP+WxNPcTTOgnTJcrhM0xvdPepipPSf3I8EIpGKeFLjt3PlJLIDG3u8EX53ZIubkb+5U2+3rELYpEhHhzdkg==",
      "requires": {
        "hash-base": "^3.0.0",
        "inherits": "^2.0.1",
        "safe-buffer": "^5.1.2"
      }
    },
    "node-fetch": {
      "version": "2.6.0",
      "resolved": "https://registry.npmjs.org/node-fetch/-/node-fetch-2.6.0.tgz",
      "integrity": "sha512-8dG4H5ujfvFiqDmVu9fQ5bOHUC15JMjMY/Zumv26oOvvVJjM67KF8koCWIabKQ1GJIa9r2mMZscBq/TbdOcmNA=="
    },
    "randombytes": {
      "version": "2.1.0",
      "resolved": "https://registry.npmjs.org/randombytes/-/randombytes-2.1.0.tgz",
      "integrity": "sha512-vYl3iOX+4CKUWuxGi9Ukhie6fsqXqS9FE2Zaic4tNFD2N2QQaXOMFbuKK4QmDHC0JO6B1Zp41J0LpT0oR68amQ==",
      "requires": {
        "safe-buffer": "^5.1.0"
      }
    },
    "ripemd160": {
      "version": "2.0.2",
      "resolved": "https://registry.npmjs.org/ripemd160/-/ripemd160-2.0.2.tgz",
      "integrity": "sha512-ii4iagi25WusVoiC4B4lq7pbXfAp3D9v5CwfkY33vffw2+pkDjY1D8GaN7spsxvCSx8dkPqOZCEZyfxcmJG2IA==",
      "requires": {
        "hash-base": "^3.0.0",
        "inherits": "^2.0.1"
      }
    },
    "safe-buffer": {
      "version": "5.2.0",
      "resolved": "https://registry.npmjs.org/safe-buffer/-/safe-buffer-5.2.0.tgz",
      "integrity": "sha512-fZEwUGbVl7kouZs1jCdMLdt95hdIv0ZeHg6L7qPeciMZhZ+/gdesW4wgTARkrFWEpspjEATAzUGPG8N2jJiwbg=="
    },
    "sasl-anonymous": {
      "version": "0.1.0",
      "resolved": "https://registry.npmjs.org/sasl-anonymous/-/sasl-anonymous-0.1.0.tgz",
      "integrity": "sha1-9UTH6CTfKkDZrUczgpVyzI2e1aU="
    },
    "sasl-plain": {
      "version": "0.1.0",
      "resolved": "https://registry.npmjs.org/sasl-plain/-/sasl-plain-0.1.0.tgz",
      "integrity": "sha1-zxRefAIiK2TWDAgG2c0q5TgEJsw="
    },
    "sasl-scram-sha-1": {
      "version": "1.2.1",
      "resolved": "https://registry.npmjs.org/sasl-scram-sha-1/-/sasl-scram-sha-1-1.2.1.tgz",
      "integrity": "sha1-2I1R/qoP8yDY6x1vx1ZXZT+dzUs=",
      "requires": {
        "bitwise-xor": "0.0.0",
        "create-hash": "^1.1.0",
        "create-hmac": "^1.1.3",
        "randombytes": "^2.0.1"
      }
    },
    "saslmechanisms": {
      "version": "0.1.1",
      "resolved": "https://registry.npmjs.org/saslmechanisms/-/saslmechanisms-0.1.1.tgz",
      "integrity": "sha1-R4vhQpUA/PqngL6IszQ87X0qkYI="
    },
    "sha.js": {
      "version": "2.4.11",
      "resolved": "https://registry.npmjs.org/sha.js/-/sha.js-2.4.11.tgz",
      "integrity": "sha512-QMEp5B7cftE7APOjk5Y6xgrbWu+WkLVQwk8JNjZ8nKRciZaByEW6MubieAiToS7+dwvrjGhH8jRXz3MVd0AYqQ==",
      "requires": {
        "inherits": "^2.0.1",
        "safe-buffer": "^5.0.1"
      }
    },
    "ws": {
      "version": "7.5.9",
      "resolved": "https://registry.npmjs.org/ws/-/ws-7.5.9.tgz",
      "integrity": "sha512-F+P9Jil7UiSKSkppIiD94dN07AwvFixvLIj1Og1Rl9GGMuNipJnV9JzjD6XuqmAeiswGvUmNLjr5cFuXwNS77Q==",
      "requires": {}
    }
  }
}
